{
    "_readme": [
        "This file locks the dependencies of your project to a known state",
        "Read more about it at https://getcomposer.org/doc/01-basic-usage.md#installing-dependencies",
        "This file is @generated automatically"
    ],
    "content-hash": "d9c0725c50871c3e836cfd15e94f5f91",
    "packages": [
        {
            "name": "dragonzap/neuralnetwork",
            "version": "v1.1.0",
            "source": {
                "type": "git",
                "url": "https://github.com/dragonzapeducation/NeuralNetwork.git",
                "reference": "05df65108f74315baa79b9d49644502c2987ffdf"
            },
            "dist": {
                "type": "zip",
                "url": "https://api.github.com/repos/dragonzapeducation/NeuralNetwork/zipball/05df65108f74315baa79b9d49644502c2987ffdf",
                "reference": "05df65108f74315baa79b9d49644502c2987ffdf",
                "shasum": ""
            },
            "type": "library",
            "autoload": {
                "psr-4": {
                    "Dragonzap\\": "src/Dragonzap/"
                }
            },
            "notification-url": "https://packagist.org/downloads/",
            "license": [
                "GPL-2.0-or-later"
            ],
            "authors": [
                {
                    "name": "Dragon Zap Publishing"
                }
            ],
            "description": "Used for building neural networks in PHP",
            "support": {
                "issues": "https://github.com/dragonzapeducation/NeuralNetwork/issues",
                "source": "https://github.com/dragonzapeducation/NeuralNetwork/tree/v1.1.0"
            },
            "time": "2024-06-01T18:02:23+00:00"
        }
    ],
    "packages-dev": [],
    "aliases": [],
    "minimum-stability": "stable",
    "stability-flags": [],
    "prefer-stable": false,
    "prefer-lowest": false,
    "platform": [],
    "platform-dev": [],
    "plugin-api-version": "2.6.0"
}
